
Microsoft Visual Studio Solution File, Format Version 12.00
# Visual Studio Version 16
VisualStudioVersion = 16.0.810.14
MinimumVisualStudioVersion = 10.0.40219.1
Project("{FAE04EC0-301F-11D3-BF4B-00C04F79EFBC}") = "OOLabb1", "OOLabb1\OOLabb1.csproj", "{C1E62A82-E228-4F26-BBF0-7F853BDD4C05}"
EndProject
Global
	GlobalSection(SolutionConfigurationPlatforms) = preSolution
		Debug|Any CPU = Debug|Any CPU
		Release|Any CPU = Release|Any CPU
	EndGlobalSection
	GlobalSection(ProjectConfigurationPlatforms) = postSolution
		{C1E62A82-E228-4F26-BBF0-7F853BDD4C05}.Debug|Any CPU.ActiveCfg = Debug|Any CPU
		{C1E62A82-E228-4F26-BBF0-7F853BDD4C05}.Debug|Any CPU.Build.0 = Debug|Any CPU
		{C1E62A82-E228-4F26-BBF0-7F853BDD4C05}.Release|Any CPU.ActiveCfg = Release|Any CPU
		{C1E62A82-E228-4F26-BBF0-7F853BDD4C05}.Release|Any CPU.Build.0 = Release|Any CPU
	EndGlobalSection
	GlobalSection(SolutionProperties) = preSolution
		HideSolutionNode = FALSE
	EndGlobalSection
	GlobalSection(ExtensibilityGlobals) = postSolution
		SolutionGuid = {F250FD01-7CD7-4C3A-AA96-EF727C566B4A}
	EndGlobalSection
EndGlobal
